
Microsoft Visual Studio Solution File, Format Version 12.00
# Visual Studio 15
VisualStudioVersion = 15.0.27004.2009
MinimumVisualStudioVersion = 10.0.40219.1
Project("{FAE04EC0-301F-11D3-BF4B-00C04F79EFBC}") = "01", "01\01.csproj", "{AE9CA1D1-FA4B-4BA8-B9FC-9050CAD910B4}"
EndProject
Global
	GlobalSection(SolutionConfigurationPlatforms) = preSolution
		Debug|Any CPU = Debug|Any CPU
		Release|Any CPU = Release|Any CPU
	EndGlobalSection
	GlobalSection(ProjectConfigurationPlatforms) = postSolution
		{AE9CA1D1-FA4B-4BA8-B9FC-9050CAD910B4}.Debug|Any CPU.ActiveCfg = Debug|Any CPU
		{AE9CA1D1-FA4B-4BA8-B9FC-9050CAD910B4}.Debug|Any CPU.Build.0 = Debug|Any CPU
		{AE9CA1D1-FA4B-4BA8-B9FC-9050CAD910B4}.Release|Any CPU.ActiveCfg = Release|Any CPU
		{AE9CA1D1-FA4B-4BA8-B9FC-9050CAD910B4}.Release|Any CPU.Build.0 = Release|Any CPU
	EndGlobalSection
	GlobalSection(SolutionProperties) = preSolution
		HideSolutionNode = FALSE
	EndGlobalSection
	GlobalSection(ExtensibilityGlobals) = postSolution
		SolutionGuid = {A14DE91A-A19C-4ED6-945D-C3E4BBA7020E}
	EndGlobalSection
EndGlobal
