
Microsoft Visual Studio Solution File, Format Version 12.00
# Visual Studio 15
VisualStudioVersion = 15.0.27004.2009
MinimumVisualStudioVersion = 10.0.40219.1
Project("{FAE04EC0-301F-11D3-BF4B-00C04F79EFBC}") = "Anagram", "Anagram\Anagram.csproj", "{02762372-8034-46AC-B769-4A17827B0BB2}"
EndProject
Project("{FAE04EC0-301F-11D3-BF4B-00C04F79EFBC}") = "AnagramTest", "..\AnagramTest\AnagramTest.csproj", "{1DC6BF8F-3D63-4FA0-92B8-3180692CDD0E}"
EndProject
Global
	GlobalSection(SolutionConfigurationPlatforms) = preSolution
		Debug|Any CPU = Debug|Any CPU
		Release|Any CPU = Release|Any CPU
	EndGlobalSection
	GlobalSection(ProjectConfigurationPlatforms) = postSolution
		{02762372-8034-46AC-B769-4A17827B0BB2}.Debug|Any CPU.ActiveCfg = Debug|Any CPU
		{02762372-8034-46AC-B769-4A17827B0BB2}.Debug|Any CPU.Build.0 = Debug|Any CPU
		{02762372-8034-46AC-B769-4A17827B0BB2}.Release|Any CPU.ActiveCfg = Release|Any CPU
		{02762372-8034-46AC-B769-4A17827B0BB2}.Release|Any CPU.Build.0 = Release|Any CPU
		{1DC6BF8F-3D63-4FA0-92B8-3180692CDD0E}.Debug|Any CPU.ActiveCfg = Debug|Any CPU
		{1DC6BF8F-3D63-4FA0-92B8-3180692CDD0E}.Debug|Any CPU.Build.0 = Debug|Any CPU
		{1DC6BF8F-3D63-4FA0-92B8-3180692CDD0E}.Release|Any CPU.ActiveCfg = Release|Any CPU
		{1DC6BF8F-3D63-4FA0-92B8-3180692CDD0E}.Release|Any CPU.Build.0 = Release|Any CPU
	EndGlobalSection
	GlobalSection(SolutionProperties) = preSolution
		HideSolutionNode = FALSE
	EndGlobalSection
	GlobalSection(ExtensibilityGlobals) = postSolution
		SolutionGuid = {275011C9-38B5-40C9-A419-BCA6FF948168}
	EndGlobalSection
EndGlobal
