
Microsoft Visual Studio Solution File, Format Version 12.00
# Visual Studio 15
VisualStudioVersion = 15.0.27004.2009
MinimumVisualStudioVersion = 10.0.40219.1
Project("{FAE04EC0-301F-11D3-BF4B-00C04F79EFBC}") = "exercise29", "exercise29\exercise29.csproj", "{34B8FEDC-B0E6-4A66-A5B5-E68EB6F48683}"
EndProject
Global
	GlobalSection(SolutionConfigurationPlatforms) = preSolution
		Debug|Any CPU = Debug|Any CPU
		Release|Any CPU = Release|Any CPU
	EndGlobalSection
	GlobalSection(ProjectConfigurationPlatforms) = postSolution
		{34B8FEDC-B0E6-4A66-A5B5-E68EB6F48683}.Debug|Any CPU.ActiveCfg = Debug|Any CPU
		{34B8FEDC-B0E6-4A66-A5B5-E68EB6F48683}.Debug|Any CPU.Build.0 = Debug|Any CPU
		{34B8FEDC-B0E6-4A66-A5B5-E68EB6F48683}.Release|Any CPU.ActiveCfg = Release|Any CPU
		{34B8FEDC-B0E6-4A66-A5B5-E68EB6F48683}.Release|Any CPU.Build.0 = Release|Any CPU
	EndGlobalSection
	GlobalSection(SolutionProperties) = preSolution
		HideSolutionNode = FALSE
	EndGlobalSection
	GlobalSection(ExtensibilityGlobals) = postSolution
		SolutionGuid = {67C89904-A914-4319-AB0F-008A44EB4A2C}
	EndGlobalSection
EndGlobal
