
Microsoft Visual Studio Solution File, Format Version 12.00
# Visual Studio 15
VisualStudioVersion = 15.0.27130.2036
MinimumVisualStudioVersion = 10.0.40219.1
Project("{FAE04EC0-301F-11D3-BF4B-00C04F79EFBC}") = "finalWeek_7", "finalWeek_7\finalWeek_7.csproj", "{CD28E631-CC97-4D47-879F-177027481056}"
EndProject
Project("{FAE04EC0-301F-11D3-BF4B-00C04F79EFBC}") = "finalWeek_7_XUnitTest", "..\finalWeek_7_XUnitTest\finalWeek_7_XUnitTest.csproj", "{96D36FDC-CEA1-44F7-B743-510F278E54B5}"
EndProject
Global
	GlobalSection(SolutionConfigurationPlatforms) = preSolution
		Debug|Any CPU = Debug|Any CPU
		Release|Any CPU = Release|Any CPU
	EndGlobalSection
	GlobalSection(ProjectConfigurationPlatforms) = postSolution
		{CD28E631-CC97-4D47-879F-177027481056}.Debug|Any CPU.ActiveCfg = Debug|Any CPU
		{CD28E631-CC97-4D47-879F-177027481056}.Debug|Any CPU.Build.0 = Debug|Any CPU
		{CD28E631-CC97-4D47-879F-177027481056}.Release|Any CPU.ActiveCfg = Release|Any CPU
		{CD28E631-CC97-4D47-879F-177027481056}.Release|Any CPU.Build.0 = Release|Any CPU
		{96D36FDC-CEA1-44F7-B743-510F278E54B5}.Debug|Any CPU.ActiveCfg = Debug|Any CPU
		{96D36FDC-CEA1-44F7-B743-510F278E54B5}.Debug|Any CPU.Build.0 = Debug|Any CPU
		{96D36FDC-CEA1-44F7-B743-510F278E54B5}.Release|Any CPU.ActiveCfg = Release|Any CPU
		{96D36FDC-CEA1-44F7-B743-510F278E54B5}.Release|Any CPU.Build.0 = Release|Any CPU
	EndGlobalSection
	GlobalSection(SolutionProperties) = preSolution
		HideSolutionNode = FALSE
	EndGlobalSection
	GlobalSection(ExtensibilityGlobals) = postSolution
		SolutionGuid = {2AB3807B-DB2B-482F-9A69-2164C40C2FA5}
	EndGlobalSection
EndGlobal
