
Microsoft Visual Studio Solution File, Format Version 12.00
# Visual Studio 15
VisualStudioVersion = 15.0.27004.2009
MinimumVisualStudioVersion = 10.0.40219.1
Project("{FAE04EC0-301F-11D3-BF4B-00C04F79EFBC}") = "exercise26", "exercise26\exercise26.csproj", "{1B95C6E0-E448-4EC9-A57A-021999CF9A28}"
EndProject
Global
	GlobalSection(SolutionConfigurationPlatforms) = preSolution
		Debug|Any CPU = Debug|Any CPU
		Release|Any CPU = Release|Any CPU
	EndGlobalSection
	GlobalSection(ProjectConfigurationPlatforms) = postSolution
		{1B95C6E0-E448-4EC9-A57A-021999CF9A28}.Debug|Any CPU.ActiveCfg = Debug|Any CPU
		{1B95C6E0-E448-4EC9-A57A-021999CF9A28}.Debug|Any CPU.Build.0 = Debug|Any CPU
		{1B95C6E0-E448-4EC9-A57A-021999CF9A28}.Release|Any CPU.ActiveCfg = Release|Any CPU
		{1B95C6E0-E448-4EC9-A57A-021999CF9A28}.Release|Any CPU.Build.0 = Release|Any CPU
	EndGlobalSection
	GlobalSection(SolutionProperties) = preSolution
		HideSolutionNode = FALSE
	EndGlobalSection
	GlobalSection(ExtensibilityGlobals) = postSolution
		SolutionGuid = {C13E490D-2AB4-4FA3-ADF5-D997323FDA91}
	EndGlobalSection
EndGlobal
