
Microsoft Visual Studio Solution File, Format Version 12.00
# Visual Studio 15
VisualStudioVersion = 15.0.27004.2009
MinimumVisualStudioVersion = 10.0.40219.1
Project("{FAE04EC0-301F-11D3-BF4B-00C04F79EFBC}") = "BlogPost", "BlogPost.csproj", "{E81478E0-AECD-485A-B704-F5907B9B2E86}"
EndProject
Global
	GlobalSection(SolutionConfigurationPlatforms) = preSolution
		Debug|Any CPU = Debug|Any CPU
		Release|Any CPU = Release|Any CPU
	EndGlobalSection
	GlobalSection(ProjectConfigurationPlatforms) = postSolution
		{E81478E0-AECD-485A-B704-F5907B9B2E86}.Debug|Any CPU.ActiveCfg = Debug|Any CPU
		{E81478E0-AECD-485A-B704-F5907B9B2E86}.Debug|Any CPU.Build.0 = Debug|Any CPU
		{E81478E0-AECD-485A-B704-F5907B9B2E86}.Release|Any CPU.ActiveCfg = Release|Any CPU
		{E81478E0-AECD-485A-B704-F5907B9B2E86}.Release|Any CPU.Build.0 = Release|Any CPU
	EndGlobalSection
	GlobalSection(SolutionProperties) = preSolution
		HideSolutionNode = FALSE
	EndGlobalSection
	GlobalSection(ExtensibilityGlobals) = postSolution
		SolutionGuid = {9E1A98F9-88AE-4DA4-A9A2-0D02162E17D0}
	EndGlobalSection
EndGlobal
