
Microsoft Visual Studio Solution File, Format Version 12.00
# Visual Studio 15
VisualStudioVersion = 15.0.27004.2009
MinimumVisualStudioVersion = 10.0.40219.1
Project("{FAE04EC0-301F-11D3-BF4B-00C04F79EFBC}") = "02", "02\02.csproj", "{D4B0D5CD-9911-4DCB-AAA4-9FCAAA203B4B}"
EndProject
Global
	GlobalSection(SolutionConfigurationPlatforms) = preSolution
		Debug|Any CPU = Debug|Any CPU
		Release|Any CPU = Release|Any CPU
	EndGlobalSection
	GlobalSection(ProjectConfigurationPlatforms) = postSolution
		{D4B0D5CD-9911-4DCB-AAA4-9FCAAA203B4B}.Debug|Any CPU.ActiveCfg = Debug|Any CPU
		{D4B0D5CD-9911-4DCB-AAA4-9FCAAA203B4B}.Debug|Any CPU.Build.0 = Debug|Any CPU
		{D4B0D5CD-9911-4DCB-AAA4-9FCAAA203B4B}.Release|Any CPU.ActiveCfg = Release|Any CPU
		{D4B0D5CD-9911-4DCB-AAA4-9FCAAA203B4B}.Release|Any CPU.Build.0 = Release|Any CPU
	EndGlobalSection
	GlobalSection(SolutionProperties) = preSolution
		HideSolutionNode = FALSE
	EndGlobalSection
	GlobalSection(ExtensibilityGlobals) = postSolution
		SolutionGuid = {F610EADA-062A-467D-A8A9-C91A4950A2A4}
	EndGlobalSection
EndGlobal
