
Microsoft Visual Studio Solution File, Format Version 12.00
# Visual Studio 15
VisualStudioVersion = 15.0.27004.2009
MinimumVisualStudioVersion = 10.0.40219.1
Project("{FAE04EC0-301F-11D3-BF4B-00C04F79EFBC}") = "Starry night", "Starry night.csproj", "{491B76D9-944E-49A2-9AD2-EFFA0966D5E6}"
EndProject
Global
	GlobalSection(SolutionConfigurationPlatforms) = preSolution
		Debug|Any CPU = Debug|Any CPU
		Release|Any CPU = Release|Any CPU
	EndGlobalSection
	GlobalSection(ProjectConfigurationPlatforms) = postSolution
		{491B76D9-944E-49A2-9AD2-EFFA0966D5E6}.Debug|Any CPU.ActiveCfg = Debug|Any CPU
		{491B76D9-944E-49A2-9AD2-EFFA0966D5E6}.Debug|Any CPU.Build.0 = Debug|Any CPU
		{491B76D9-944E-49A2-9AD2-EFFA0966D5E6}.Release|Any CPU.ActiveCfg = Release|Any CPU
		{491B76D9-944E-49A2-9AD2-EFFA0966D5E6}.Release|Any CPU.Build.0 = Release|Any CPU
	EndGlobalSection
	GlobalSection(SolutionProperties) = preSolution
		HideSolutionNode = FALSE
	EndGlobalSection
	GlobalSection(ExtensibilityGlobals) = postSolution
		SolutionGuid = {56B00B9E-19C7-4E06-8B22-9A9EB1BA93C8}
	EndGlobalSection
EndGlobal
