
Microsoft Visual Studio Solution File, Format Version 12.00
# Visual Studio 15
VisualStudioVersion = 15.0.27004.2009
MinimumVisualStudioVersion = 10.0.40219.1
Project("{FAE04EC0-301F-11D3-BF4B-00C04F79EFBC}") = "Middle lines", "Middle lines.csproj", "{9E118523-E754-4F1D-99DA-FA4E162AD019}"
EndProject
Global
	GlobalSection(SolutionConfigurationPlatforms) = preSolution
		Debug|Any CPU = Debug|Any CPU
		Release|Any CPU = Release|Any CPU
	EndGlobalSection
	GlobalSection(ProjectConfigurationPlatforms) = postSolution
		{9E118523-E754-4F1D-99DA-FA4E162AD019}.Debug|Any CPU.ActiveCfg = Debug|Any CPU
		{9E118523-E754-4F1D-99DA-FA4E162AD019}.Debug|Any CPU.Build.0 = Debug|Any CPU
		{9E118523-E754-4F1D-99DA-FA4E162AD019}.Release|Any CPU.ActiveCfg = Release|Any CPU
		{9E118523-E754-4F1D-99DA-FA4E162AD019}.Release|Any CPU.Build.0 = Release|Any CPU
	EndGlobalSection
	GlobalSection(SolutionProperties) = preSolution
		HideSolutionNode = FALSE
	EndGlobalSection
	GlobalSection(ExtensibilityGlobals) = postSolution
		SolutionGuid = {A7DF4D22-9464-4527-810F-ABD9BE47A9CF}
	EndGlobalSection
EndGlobal
