
Microsoft Visual Studio Solution File, Format Version 12.00
# Visual Studio 15
VisualStudioVersion = 15.0.27004.2009
MinimumVisualStudioVersion = 10.0.40219.1
Project("{FAE04EC0-301F-11D3-BF4B-00C04F79EFBC}") = "13ReproduceThis", "13ReproduceThis.csproj", "{88E967DC-F367-434D-B2F5-12CB7665D494}"
EndProject
Global
	GlobalSection(SolutionConfigurationPlatforms) = preSolution
		Debug|Any CPU = Debug|Any CPU
		Release|Any CPU = Release|Any CPU
	EndGlobalSection
	GlobalSection(ProjectConfigurationPlatforms) = postSolution
		{88E967DC-F367-434D-B2F5-12CB7665D494}.Debug|Any CPU.ActiveCfg = Debug|Any CPU
		{88E967DC-F367-434D-B2F5-12CB7665D494}.Debug|Any CPU.Build.0 = Debug|Any CPU
		{88E967DC-F367-434D-B2F5-12CB7665D494}.Release|Any CPU.ActiveCfg = Release|Any CPU
		{88E967DC-F367-434D-B2F5-12CB7665D494}.Release|Any CPU.Build.0 = Release|Any CPU
	EndGlobalSection
	GlobalSection(SolutionProperties) = preSolution
		HideSolutionNode = FALSE
	EndGlobalSection
	GlobalSection(ExtensibilityGlobals) = postSolution
		SolutionGuid = {65DF8E7E-3F48-445A-92E0-FD2821182B20}
	EndGlobalSection
EndGlobal
