
Microsoft Visual Studio Solution File, Format Version 12.00
# Visual Studio 15
VisualStudioVersion = 15.0.27004.2009
MinimumVisualStudioVersion = 10.0.40219.1
Project("{FAE04EC0-301F-11D3-BF4B-00C04F79EFBC}") = "Apple", "Apple\Apple.csproj", "{FF27FBBA-8488-47DE-9038-43075226E297}"
EndProject
Project("{FAE04EC0-301F-11D3-BF4B-00C04F79EFBC}") = "AppleTest", "..\AppleTest\AppleTest.csproj", "{2DDFFDAD-92BA-466D-867A-1DE9EAB8367E}"
EndProject
Global
	GlobalSection(SolutionConfigurationPlatforms) = preSolution
		Debug|Any CPU = Debug|Any CPU
		Release|Any CPU = Release|Any CPU
	EndGlobalSection
	GlobalSection(ProjectConfigurationPlatforms) = postSolution
		{FF27FBBA-8488-47DE-9038-43075226E297}.Debug|Any CPU.ActiveCfg = Debug|Any CPU
		{FF27FBBA-8488-47DE-9038-43075226E297}.Debug|Any CPU.Build.0 = Debug|Any CPU
		{FF27FBBA-8488-47DE-9038-43075226E297}.Release|Any CPU.ActiveCfg = Release|Any CPU
		{FF27FBBA-8488-47DE-9038-43075226E297}.Release|Any CPU.Build.0 = Release|Any CPU
		{2DDFFDAD-92BA-466D-867A-1DE9EAB8367E}.Debug|Any CPU.ActiveCfg = Debug|Any CPU
		{2DDFFDAD-92BA-466D-867A-1DE9EAB8367E}.Debug|Any CPU.Build.0 = Debug|Any CPU
		{2DDFFDAD-92BA-466D-867A-1DE9EAB8367E}.Release|Any CPU.ActiveCfg = Release|Any CPU
		{2DDFFDAD-92BA-466D-867A-1DE9EAB8367E}.Release|Any CPU.Build.0 = Release|Any CPU
	EndGlobalSection
	GlobalSection(SolutionProperties) = preSolution
		HideSolutionNode = FALSE
	EndGlobalSection
	GlobalSection(ExtensibilityGlobals) = postSolution
		SolutionGuid = {985CAA65-DDBB-4325-8E35-EE4021AB62C6}
	EndGlobalSection
EndGlobal
