
Microsoft Visual Studio Solution File, Format Version 12.00
# Visual Studio 15
VisualStudioVersion = 15.0.27004.2009
MinimumVisualStudioVersion = 10.0.40219.1
Project("{FAE04EC0-301F-11D3-BF4B-00C04F79EFBC}") = "Purple steps 3D", "Purple steps 3D.csproj", "{FEAD5F5B-3DA9-44DC-A06A-507561C209E6}"
EndProject
Global
	GlobalSection(SolutionConfigurationPlatforms) = preSolution
		Debug|Any CPU = Debug|Any CPU
		Release|Any CPU = Release|Any CPU
	EndGlobalSection
	GlobalSection(ProjectConfigurationPlatforms) = postSolution
		{FEAD5F5B-3DA9-44DC-A06A-507561C209E6}.Debug|Any CPU.ActiveCfg = Debug|Any CPU
		{FEAD5F5B-3DA9-44DC-A06A-507561C209E6}.Debug|Any CPU.Build.0 = Debug|Any CPU
		{FEAD5F5B-3DA9-44DC-A06A-507561C209E6}.Release|Any CPU.ActiveCfg = Release|Any CPU
		{FEAD5F5B-3DA9-44DC-A06A-507561C209E6}.Release|Any CPU.Build.0 = Release|Any CPU
	EndGlobalSection
	GlobalSection(SolutionProperties) = preSolution
		HideSolutionNode = FALSE
	EndGlobalSection
	GlobalSection(ExtensibilityGlobals) = postSolution
		SolutionGuid = {DC9BA363-00CC-4B94-990D-3C518805A755}
	EndGlobalSection
EndGlobal
