
Microsoft Visual Studio Solution File, Format Version 12.00
# Visual Studio 15
VisualStudioVersion = 15.0.27004.2009
MinimumVisualStudioVersion = 10.0.40219.1
Project("{FAE04EC0-301F-11D3-BF4B-00C04F79EFBC}") = "MyFirstASP", "MyFirstASP\MyFirstASP.csproj", "{11BC1C0D-8090-49D0-9AD6-5354F0DA27E5}"
EndProject
Global
	GlobalSection(SolutionConfigurationPlatforms) = preSolution
		Debug|Any CPU = Debug|Any CPU
		Release|Any CPU = Release|Any CPU
	EndGlobalSection
	GlobalSection(ProjectConfigurationPlatforms) = postSolution
		{11BC1C0D-8090-49D0-9AD6-5354F0DA27E5}.Debug|Any CPU.ActiveCfg = Debug|Any CPU
		{11BC1C0D-8090-49D0-9AD6-5354F0DA27E5}.Debug|Any CPU.Build.0 = Debug|Any CPU
		{11BC1C0D-8090-49D0-9AD6-5354F0DA27E5}.Release|Any CPU.ActiveCfg = Release|Any CPU
		{11BC1C0D-8090-49D0-9AD6-5354F0DA27E5}.Release|Any CPU.Build.0 = Release|Any CPU
	EndGlobalSection
	GlobalSection(SolutionProperties) = preSolution
		HideSolutionNode = FALSE
	EndGlobalSection
	GlobalSection(ExtensibilityGlobals) = postSolution
		SolutionGuid = {C1B1B7C7-22FC-4568-804D-1398755F2673}
	EndGlobalSection
EndGlobal
