
Microsoft Visual Studio Solution File, Format Version 12.00
# Visual Studio 15
VisualStudioVersion = 15.0.27004.2009
MinimumVisualStudioVersion = 10.0.40219.1
Project("{FAE04EC0-301F-11D3-BF4B-00C04F79EFBC}") = "exercise25", "exercise25\exercise25.csproj", "{B889A4EC-E06D-4C79-B17E-22EAA4B6382C}"
EndProject
Global
	GlobalSection(SolutionConfigurationPlatforms) = preSolution
		Debug|Any CPU = Debug|Any CPU
		Release|Any CPU = Release|Any CPU
	EndGlobalSection
	GlobalSection(ProjectConfigurationPlatforms) = postSolution
		{B889A4EC-E06D-4C79-B17E-22EAA4B6382C}.Debug|Any CPU.ActiveCfg = Debug|Any CPU
		{B889A4EC-E06D-4C79-B17E-22EAA4B6382C}.Debug|Any CPU.Build.0 = Debug|Any CPU
		{B889A4EC-E06D-4C79-B17E-22EAA4B6382C}.Release|Any CPU.ActiveCfg = Release|Any CPU
		{B889A4EC-E06D-4C79-B17E-22EAA4B6382C}.Release|Any CPU.Build.0 = Release|Any CPU
	EndGlobalSection
	GlobalSection(SolutionProperties) = preSolution
		HideSolutionNode = FALSE
	EndGlobalSection
	GlobalSection(ExtensibilityGlobals) = postSolution
		SolutionGuid = {21D7D2FD-2E0B-45F6-B2A5-35D8135B68D7}
	EndGlobalSection
EndGlobal
