
Microsoft Visual Studio Solution File, Format Version 12.00
# Visual Studio 15
VisualStudioVersion = 15.0.27004.2009
MinimumVisualStudioVersion = 10.0.40219.1
Project("{FAE04EC0-301F-11D3-BF4B-00C04F79EFBC}") = "Cloneable", "Cloneable\Cloneable.csproj", "{1B09FC31-6A38-4DFD-86CC-72B54F3B1690}"
EndProject
Global
	GlobalSection(SolutionConfigurationPlatforms) = preSolution
		Debug|Any CPU = Debug|Any CPU
		Release|Any CPU = Release|Any CPU
	EndGlobalSection
	GlobalSection(ProjectConfigurationPlatforms) = postSolution
		{1B09FC31-6A38-4DFD-86CC-72B54F3B1690}.Debug|Any CPU.ActiveCfg = Debug|Any CPU
		{1B09FC31-6A38-4DFD-86CC-72B54F3B1690}.Debug|Any CPU.Build.0 = Debug|Any CPU
		{1B09FC31-6A38-4DFD-86CC-72B54F3B1690}.Release|Any CPU.ActiveCfg = Release|Any CPU
		{1B09FC31-6A38-4DFD-86CC-72B54F3B1690}.Release|Any CPU.Build.0 = Release|Any CPU
	EndGlobalSection
	GlobalSection(SolutionProperties) = preSolution
		HideSolutionNode = FALSE
	EndGlobalSection
	GlobalSection(ExtensibilityGlobals) = postSolution
		SolutionGuid = {EA4189DF-FA20-4252-8616-4043268BEFA3}
	EndGlobalSection
EndGlobal
