
Microsoft Visual Studio Solution File, Format Version 12.00
# Visual Studio 15
VisualStudioVersion = 15.0.27004.2009
MinimumVisualStudioVersion = 10.0.40219.1
Project("{FAE04EC0-301F-11D3-BF4B-00C04F79EFBC}") = "exercise16", "exercise16\exercise16.csproj", "{3DB1D42C-C113-48D7-A714-B280FAFE841A}"
EndProject
Global
	GlobalSection(SolutionConfigurationPlatforms) = preSolution
		Debug|Any CPU = Debug|Any CPU
		Release|Any CPU = Release|Any CPU
	EndGlobalSection
	GlobalSection(ProjectConfigurationPlatforms) = postSolution
		{3DB1D42C-C113-48D7-A714-B280FAFE841A}.Debug|Any CPU.ActiveCfg = Debug|Any CPU
		{3DB1D42C-C113-48D7-A714-B280FAFE841A}.Debug|Any CPU.Build.0 = Debug|Any CPU
		{3DB1D42C-C113-48D7-A714-B280FAFE841A}.Release|Any CPU.ActiveCfg = Release|Any CPU
		{3DB1D42C-C113-48D7-A714-B280FAFE841A}.Release|Any CPU.Build.0 = Release|Any CPU
	EndGlobalSection
	GlobalSection(SolutionProperties) = preSolution
		HideSolutionNode = FALSE
	EndGlobalSection
	GlobalSection(ExtensibilityGlobals) = postSolution
		SolutionGuid = {FA8A6613-C984-4E46-B3B1-7E96B0A7BA0C}
	EndGlobalSection
EndGlobal
