
Microsoft Visual Studio Solution File, Format Version 12.00
# Visual Studio 15
VisualStudioVersion = 15.0.27004.2009
MinimumVisualStudioVersion = 10.0.40219.1
Project("{9A19103F-16F7-4668-BE54-9A1E7A4F7556}") = "FirstSQLServerSetup", "FirstSQLServerSetup\FirstSQLServerSetup.csproj", "{59C4E010-0552-4388-BA8E-20DF0495A124}"
EndProject
Global
	GlobalSection(SolutionConfigurationPlatforms) = preSolution
		Debug|Any CPU = Debug|Any CPU
		Release|Any CPU = Release|Any CPU
	EndGlobalSection
	GlobalSection(ProjectConfigurationPlatforms) = postSolution
		{59C4E010-0552-4388-BA8E-20DF0495A124}.Debug|Any CPU.ActiveCfg = Debug|Any CPU
		{59C4E010-0552-4388-BA8E-20DF0495A124}.Debug|Any CPU.Build.0 = Debug|Any CPU
		{59C4E010-0552-4388-BA8E-20DF0495A124}.Release|Any CPU.ActiveCfg = Release|Any CPU
		{59C4E010-0552-4388-BA8E-20DF0495A124}.Release|Any CPU.Build.0 = Release|Any CPU
	EndGlobalSection
	GlobalSection(SolutionProperties) = preSolution
		HideSolutionNode = FALSE
	EndGlobalSection
	GlobalSection(ExtensibilityGlobals) = postSolution
		SolutionGuid = {A51C5779-2A18-4F58-AE42-88F8BEB12B14}
	EndGlobalSection
EndGlobal
