
Microsoft Visual Studio Solution File, Format Version 12.00
# Visual Studio 15
VisualStudioVersion = 15.0.27004.2009
MinimumVisualStudioVersion = 10.0.40219.1
Project("{FAE04EC0-301F-11D3-BF4B-00C04F79EFBC}") = "exercise17", "exercise17\exercise17.csproj", "{104192D5-2850-4D1A-BF9A-B35FEE13D1C8}"
EndProject
Global
	GlobalSection(SolutionConfigurationPlatforms) = preSolution
		Debug|Any CPU = Debug|Any CPU
		Release|Any CPU = Release|Any CPU
	EndGlobalSection
	GlobalSection(ProjectConfigurationPlatforms) = postSolution
		{104192D5-2850-4D1A-BF9A-B35FEE13D1C8}.Debug|Any CPU.ActiveCfg = Debug|Any CPU
		{104192D5-2850-4D1A-BF9A-B35FEE13D1C8}.Debug|Any CPU.Build.0 = Debug|Any CPU
		{104192D5-2850-4D1A-BF9A-B35FEE13D1C8}.Release|Any CPU.ActiveCfg = Release|Any CPU
		{104192D5-2850-4D1A-BF9A-B35FEE13D1C8}.Release|Any CPU.Build.0 = Release|Any CPU
	EndGlobalSection
	GlobalSection(SolutionProperties) = preSolution
		HideSolutionNode = FALSE
	EndGlobalSection
	GlobalSection(ExtensibilityGlobals) = postSolution
		SolutionGuid = {F2B11752-5F99-4F21-BC77-05C68ABE524E}
	EndGlobalSection
EndGlobal
