
Microsoft Visual Studio Solution File, Format Version 12.00
# Visual Studio 15
VisualStudioVersion = 15.0.27004.2009
MinimumVisualStudioVersion = 10.0.40219.1
Project("{FAE04EC0-301F-11D3-BF4B-00C04F79EFBC}") = "07Strings", "07Strings.csproj", "{88B52B43-AD65-4648-A548-062C2A99B026}"
EndProject
Global
	GlobalSection(SolutionConfigurationPlatforms) = preSolution
		Debug|Any CPU = Debug|Any CPU
		Release|Any CPU = Release|Any CPU
	EndGlobalSection
	GlobalSection(ProjectConfigurationPlatforms) = postSolution
		{88B52B43-AD65-4648-A548-062C2A99B026}.Debug|Any CPU.ActiveCfg = Debug|Any CPU
		{88B52B43-AD65-4648-A548-062C2A99B026}.Debug|Any CPU.Build.0 = Debug|Any CPU
		{88B52B43-AD65-4648-A548-062C2A99B026}.Release|Any CPU.ActiveCfg = Release|Any CPU
		{88B52B43-AD65-4648-A548-062C2A99B026}.Release|Any CPU.Build.0 = Release|Any CPU
	EndGlobalSection
	GlobalSection(SolutionProperties) = preSolution
		HideSolutionNode = FALSE
	EndGlobalSection
	GlobalSection(ExtensibilityGlobals) = postSolution
		SolutionGuid = {4F3C00F9-9B95-4AF9-90C9-F216B0A4B50D}
	EndGlobalSection
EndGlobal
