
Microsoft Visual Studio Solution File, Format Version 12.00
# Visual Studio 15
VisualStudioVersion = 15.0.27004.2009
MinimumVisualStudioVersion = 10.0.40219.1
Project("{FAE04EC0-301F-11D3-BF4B-00C04F79EFBC}") = "Reservations", "Reservations\Reservations.csproj", "{94B239C9-3F61-4B01-AF55-FA6B4DD79DD6}"
EndProject
Global
	GlobalSection(SolutionConfigurationPlatforms) = preSolution
		Debug|Any CPU = Debug|Any CPU
		Release|Any CPU = Release|Any CPU
	EndGlobalSection
	GlobalSection(ProjectConfigurationPlatforms) = postSolution
		{94B239C9-3F61-4B01-AF55-FA6B4DD79DD6}.Debug|Any CPU.ActiveCfg = Debug|Any CPU
		{94B239C9-3F61-4B01-AF55-FA6B4DD79DD6}.Debug|Any CPU.Build.0 = Debug|Any CPU
		{94B239C9-3F61-4B01-AF55-FA6B4DD79DD6}.Release|Any CPU.ActiveCfg = Release|Any CPU
		{94B239C9-3F61-4B01-AF55-FA6B4DD79DD6}.Release|Any CPU.Build.0 = Release|Any CPU
	EndGlobalSection
	GlobalSection(SolutionProperties) = preSolution
		HideSolutionNode = FALSE
	EndGlobalSection
	GlobalSection(ExtensibilityGlobals) = postSolution
		SolutionGuid = {EF53CB2A-7231-4A17-B626-708C5BCA9354}
	EndGlobalSection
EndGlobal
