
Microsoft Visual Studio Solution File, Format Version 12.00
# Visual Studio 15
VisualStudioVersion = 15.0.27004.2009
MinimumVisualStudioVersion = 10.0.40219.1
Project("{FAE04EC0-301F-11D3-BF4B-00C04F79EFBC}") = "Doubling", "Doubling\Doubling.csproj", "{AADA6F1D-A0BB-4C25-B66F-A75FF169FB31}"
EndProject
Global
	GlobalSection(SolutionConfigurationPlatforms) = preSolution
		Debug|Any CPU = Debug|Any CPU
		Release|Any CPU = Release|Any CPU
	EndGlobalSection
	GlobalSection(ProjectConfigurationPlatforms) = postSolution
		{AADA6F1D-A0BB-4C25-B66F-A75FF169FB31}.Debug|Any CPU.ActiveCfg = Debug|Any CPU
		{AADA6F1D-A0BB-4C25-B66F-A75FF169FB31}.Debug|Any CPU.Build.0 = Debug|Any CPU
		{AADA6F1D-A0BB-4C25-B66F-A75FF169FB31}.Release|Any CPU.ActiveCfg = Release|Any CPU
		{AADA6F1D-A0BB-4C25-B66F-A75FF169FB31}.Release|Any CPU.Build.0 = Release|Any CPU
	EndGlobalSection
	GlobalSection(SolutionProperties) = preSolution
		HideSolutionNode = FALSE
	EndGlobalSection
	GlobalSection(ExtensibilityGlobals) = postSolution
		SolutionGuid = {C8D5D128-1C8E-4488-8708-04AC6BD8D454}
	EndGlobalSection
EndGlobal
