
Microsoft Visual Studio Solution File, Format Version 12.00
# Visual Studio 15
VisualStudioVersion = 15.0.27004.2009
MinimumVisualStudioVersion = 10.0.40219.1
Project("{FAE04EC0-301F-11D3-BF4B-00C04F79EFBC}") = "exercise23", "exercise23\exercise23.csproj", "{E54A8C1B-1B7E-4C91-99D0-8A525A05524A}"
EndProject
Global
	GlobalSection(SolutionConfigurationPlatforms) = preSolution
		Debug|Any CPU = Debug|Any CPU
		Release|Any CPU = Release|Any CPU
	EndGlobalSection
	GlobalSection(ProjectConfigurationPlatforms) = postSolution
		{E54A8C1B-1B7E-4C91-99D0-8A525A05524A}.Debug|Any CPU.ActiveCfg = Debug|Any CPU
		{E54A8C1B-1B7E-4C91-99D0-8A525A05524A}.Debug|Any CPU.Build.0 = Debug|Any CPU
		{E54A8C1B-1B7E-4C91-99D0-8A525A05524A}.Release|Any CPU.ActiveCfg = Release|Any CPU
		{E54A8C1B-1B7E-4C91-99D0-8A525A05524A}.Release|Any CPU.Build.0 = Release|Any CPU
	EndGlobalSection
	GlobalSection(SolutionProperties) = preSolution
		HideSolutionNode = FALSE
	EndGlobalSection
	GlobalSection(ExtensibilityGlobals) = postSolution
		SolutionGuid = {E3A79145-4027-4204-BFDC-819A17E166CE}
	EndGlobalSection
EndGlobal
